
Microsoft Visual Studio Solution File, Format Version 12.00
# Visual Studio Version 17
VisualStudioVersion = 17.1.32421.90
MinimumVisualStudioVersion = 10.0.40219.1
Project("{9A19103F-16F7-4668-BE54-9A1E7A4F7556}") = "ECommerce.Core", "GorevcimCore\ECommerce.Core.csproj", "{EAEDFC1A-97FB-4E9E-A354-2634B9B822BA}"
EndProject
Project("{9A19103F-16F7-4668-BE54-9A1E7A4F7556}") = "ECommerce.Repository", "Gorevcim.Repository\ECommerce.Repository.csproj", "{4518A749-0CAA-439D-9321-D015819C01B6}"
EndProject
Project("{9A19103F-16F7-4668-BE54-9A1E7A4F7556}") = "ECommerce.Services", "Gorevcim.Services\ECommerce.Services.csproj", "{0EA24EF2-4385-4D31-A03B-F3C10A5D1321}"
EndProject
Project("{9A19103F-16F7-4668-BE54-9A1E7A4F7556}") = "ECommerce.Api", "Gorevcim.Api\ECommerce.Api.csproj", "{9B6FA463-18B7-41C1-B9A8-483908AC0E48}"
EndProject
Project("{9A19103F-16F7-4668-BE54-9A1E7A4F7556}") = "ECommerce.Web", "Gorevcim.Web\ECommerce.Web.csproj", "{6234ADE4-3E92-4D63-AEF7-33372B20C611}"
EndProject
Project("{9A19103F-16F7-4668-BE54-9A1E7A4F7556}") = "ECommerce.Caching", "Gorevcim.Caching\ECommerce.Caching.csproj", "{A49FB470-608E-407C-976D-DF9294550072}"
EndProject
Global
	GlobalSection(SolutionConfigurationPlatforms) = preSolution
		Debug|Any CPU = Debug|Any CPU
		Release|Any CPU = Release|Any CPU
	EndGlobalSection
	GlobalSection(ProjectConfigurationPlatforms) = postSolution
		{EAEDFC1A-97FB-4E9E-A354-2634B9B822BA}.Debug|Any CPU.ActiveCfg = Debug|Any CPU
		{EAEDFC1A-97FB-4E9E-A354-2634B9B822BA}.Debug|Any CPU.Build.0 = Debug|Any CPU
		{EAEDFC1A-97FB-4E9E-A354-2634B9B822BA}.Release|Any CPU.ActiveCfg = Release|Any CPU
		{EAEDFC1A-97FB-4E9E-A354-2634B9B822BA}.Release|Any CPU.Build.0 = Release|Any CPU
		{4518A749-0CAA-439D-9321-D015819C01B6}.Debug|Any CPU.ActiveCfg = Debug|Any CPU
		{4518A749-0CAA-439D-9321-D015819C01B6}.Debug|Any CPU.Build.0 = Debug|Any CPU
		{4518A749-0CAA-439D-9321-D015819C01B6}.Release|Any CPU.ActiveCfg = Release|Any CPU
		{4518A749-0CAA-439D-9321-D015819C01B6}.Release|Any CPU.Build.0 = Release|Any CPU
		{0EA24EF2-4385-4D31-A03B-F3C10A5D1321}.Debug|Any CPU.ActiveCfg = Debug|Any CPU
		{0EA24EF2-4385-4D31-A03B-F3C10A5D1321}.Debug|Any CPU.Build.0 = Debug|Any CPU
		{0EA24EF2-4385-4D31-A03B-F3C10A5D1321}.Release|Any CPU.ActiveCfg = Release|Any CPU
		{0EA24EF2-4385-4D31-A03B-F3C10A5D1321}.Release|Any CPU.Build.0 = Release|Any CPU
		{9B6FA463-18B7-41C1-B9A8-483908AC0E48}.Debug|Any CPU.ActiveCfg = Debug|Any CPU
		{9B6FA463-18B7-41C1-B9A8-483908AC0E48}.Debug|Any CPU.Build.0 = Debug|Any CPU
		{9B6FA463-18B7-41C1-B9A8-483908AC0E48}.Release|Any CPU.ActiveCfg = Release|Any CPU
		{9B6FA463-18B7-41C1-B9A8-483908AC0E48}.Release|Any CPU.Build.0 = Release|Any CPU
		{6234ADE4-3E92-4D63-AEF7-33372B20C611}.Debug|Any CPU.ActiveCfg = Debug|Any CPU
		{6234ADE4-3E92-4D63-AEF7-33372B20C611}.Debug|Any CPU.Build.0 = Debug|Any CPU
		{6234ADE4-3E92-4D63-AEF7-33372B20C611}.Release|Any CPU.ActiveCfg = Release|Any CPU
		{6234ADE4-3E92-4D63-AEF7-33372B20C611}.Release|Any CPU.Build.0 = Release|Any CPU
		{A49FB470-608E-407C-976D-DF9294550072}.Debug|Any CPU.ActiveCfg = Debug|Any CPU
		{A49FB470-608E-407C-976D-DF9294550072}.Debug|Any CPU.Build.0 = Debug|Any CPU
		{A49FB470-608E-407C-976D-DF9294550072}.Release|Any CPU.ActiveCfg = Release|Any CPU
		{A49FB470-608E-407C-976D-DF9294550072}.Release|Any CPU.Build.0 = Release|Any CPU
	EndGlobalSection
	GlobalSection(SolutionProperties) = preSolution
		HideSolutionNode = FALSE
	EndGlobalSection
	GlobalSection(ExtensibilityGlobals) = postSolution
		SolutionGuid = {5A83B7D2-6085-4086-8897-D7A260021C37}
	EndGlobalSection
EndGlobal
